
Microsoft Visual Studio Solution File, Format Version 12.00
# Visual Studio Version 17
VisualStudioVersion = 17.13.35919.96 d17.13
MinimumVisualStudioVersion = 10.0.40219.1
Project("{FAE04EC0-301F-11D3-BF4B-00C04F79EFBC}") = "Projet Deviseur", "Projet Deviseur.csproj", "{831AD30E-66FB-4096-9ED1-AFD1406F8FDE}"
EndProject
Global
	GlobalSection(SolutionConfigurationPlatforms) = preSolution
		Debug|Any CPU = Debug|Any CPU
		Release|Any CPU = Release|Any CPU
	EndGlobalSection
	GlobalSection(ProjectConfigurationPlatforms) = postSolution
		{831AD30E-66FB-4096-9ED1-AFD1406F8FDE}.Debug|Any CPU.ActiveCfg = Debug|Any CPU
		{831AD30E-66FB-4096-9ED1-AFD1406F8FDE}.Debug|Any CPU.Build.0 = Debug|Any CPU
		{831AD30E-66FB-4096-9ED1-AFD1406F8FDE}.Release|Any CPU.ActiveCfg = Release|Any CPU
		{831AD30E-66FB-4096-9ED1-AFD1406F8FDE}.Release|Any CPU.Build.0 = Release|Any CPU
	EndGlobalSection
	GlobalSection(SolutionProperties) = preSolution
		HideSolutionNode = FALSE
	EndGlobalSection
	GlobalSection(ExtensibilityGlobals) = postSolution
		SolutionGuid = {8199907E-47C0-4434-8E1B-EC0E8AD3847E}
	EndGlobalSection
EndGlobal
